{
  "name": "express_website",
  "version": "1.0.0",
  "lockfileVersion": 1,
  "requires": true,
  "dependencies": {
    "@uirouter/angularjs": {
      "version": "1.0.10",
      "resolved": "https://registry.npmjs.org/@uirouter/angularjs/-/angularjs-1.0.10.tgz",
      "integrity": "sha512-2TI1xnejF+HzOgSdjjv6oO0z9bchixNCR/sSgqNjCj9L5NNjVgBIs67WDwtTCejM80Ju5wqFeaZoL53Gf8x4kA==",
      "requires": {
        "@uirouter/core": "5.0.11"
      }
    },
    "@uirouter/core": {
      "version": "5.0.11",
      "resolved": "https://registry.npmjs.org/@uirouter/core/-/core-5.0.11.tgz",
      "integrity": "sha512-x8js8f0nJivRMlxVyFcP5VmHyI091qUYCSEP69+m3uTCsIlCvLWmQiT4/FY7YBe9go6tYBBzPV+dWseg5XMD8Q=="
    },
    "angular": {
      "version": "1.6.6",
      "resolved": "https://registry.npmjs.org/angular/-/angular-1.6.6.tgz",
      "integrity": "sha1-/Vo8+0N844LYVO4BEgeXl4Uny2Q="
    },
    "angular-route": {
      "version": "1.6.6",
      "resolved": "https://registry.npmjs.org/angular-route/-/angular-route-1.6.6.tgz",
      "integrity": "sha1-jBF0iqGVxxexthWn50ZEK/x8YfQ="
    }
  }
}
